{
  "name": "challengemereact433ab172PostConfirmation",
  "version": "2.0.0",
  "lockfileVersion": 1,
  "requires": true,
  "dependencies": {
    "luxon": {
      "version": "1.21.3",
      "resolved": "https://registry.npmjs.org/luxon/-/luxon-1.21.3.tgz",
      "integrity": "sha512-lLRwNcNnkZLuv13A1FUuZRZmTWF7ro2ricYvb0L9cvBYHPvZhQdKwrYnZzi103D2XKmlVmxWpdn2wfIiOt2YEw=="
    }
  }
}
