{
  "name": "create-activity",
  "version": "2.0.0",
  "lockfileVersion": 1,
  "requires": true,
  "dependencies": {
    "@types/decimal.js": {
      "version": "0.0.30",
      "resolved": "https://registry.npmjs.org/@types/decimal.js/-/decimal.js-0.0.30.tgz",
      "integrity": "sha1-B3mNkFldvzk28Q8kDvOMW5KO1fw="
    },
    "@types/long": {
      "version": "4.0.0",
      "resolved": "https://registry.npmjs.org/@types/long/-/long-4.0.0.tgz",
      "integrity": "sha512-1w52Nyx4Gq47uuu0EVcsHBxZFJgurQ+rTKS3qMHxR1GY2T8c2AJYd6vZoZ9q1rupaDjU0yT+Jc2XTyXkjeMA+Q=="
    },
    "decimal.js": {
      "version": "6.0.0",
      "resolved": "https://registry.npmjs.org/decimal.js/-/decimal.js-6.0.0.tgz",
      "integrity": "sha1-T9WNBjfzb9vBq6EyC8Pyzug8oPI="
    },
    "dynamodb-geo": {
      "version": "0.4.0",
      "resolved": "https://registry.npmjs.org/dynamodb-geo/-/dynamodb-geo-0.4.0.tgz",
      "integrity": "sha512-0o/ZMzdIZlt5fVGazucWQJ06HgzqLiR5hb8N2IX+sKPmMI1NlWD7qO10sdy25NLB7wRESt5SPnL4HFimS4gGUg==",
      "requires": {
        "@types/decimal.js": "^0.0.30",
        "@types/long": ">=3",
        "nodes2ts": "^1.1.10"
      }
    },
    "long": {
      "version": "3.2.0",
      "resolved": "https://registry.npmjs.org/long/-/long-3.2.0.tgz",
      "integrity": "sha1-2CG3E4yhy1gcFymQ7xTbIAtcR0s="
    },
    "luxon": {
      "version": "1.21.3",
      "resolved": "https://registry.npmjs.org/luxon/-/luxon-1.21.3.tgz",
      "integrity": "sha512-lLRwNcNnkZLuv13A1FUuZRZmTWF7ro2ricYvb0L9cvBYHPvZhQdKwrYnZzi103D2XKmlVmxWpdn2wfIiOt2YEw=="
    },
    "nodes2ts": {
      "version": "1.1.10",
      "resolved": "https://registry.npmjs.org/nodes2ts/-/nodes2ts-1.1.10.tgz",
      "integrity": "sha1-eCjhNDyn1B0WWNgzUkUnQKKcJ3M=",
      "requires": {
        "decimal.js": "^6.0.0",
        "long": "^3.2.0"
      }
    },
    "uuid": {
      "version": "3.3.3",
      "resolved": "https://registry.npmjs.org/uuid/-/uuid-3.3.3.tgz",
      "integrity": "sha512-pW0No1RGHgzlpHJO1nsVrHKpOEIxkGg1xB+v0ZmdNH5OAeAwzAVrCnI2/6Mtx+Uys6iaylxa+D3g4j63IKKjSQ=="
    }
  }
}
