{
  "name": "challengemereacta7d0cb31PostConfirmation",
  "version": "2.0.0",
  "lockfileVersion": 1,
  "requires": true,
  "dependencies": {
    "luxon": {
      "version": "1.17.2",
      "resolved": "https://registry.npmjs.org/luxon/-/luxon-1.17.2.tgz",
      "integrity": "sha512-qELKtIj3HD41N+MvgoxArk8DZGUb4Gpiijs91oi+ZmKJzRlxY6CoyTwNoUwnogCVs4p8HuxVJDik9JbnYgrCng=="
    },
    "uuid": {
      "version": "3.3.3",
      "resolved": "https://registry.npmjs.org/uuid/-/uuid-3.3.3.tgz",
      "integrity": "sha512-pW0No1RGHgzlpHJO1nsVrHKpOEIxkGg1xB+v0ZmdNH5OAeAwzAVrCnI2/6Mtx+Uys6iaylxa+D3g4j63IKKjSQ=="
    }
  }
}
