{
  "name": "challengemereacta7d0cb31PostConfirmation",
  "version": "2.0.0",
  "lockfileVersion": 1,
  "requires": true,
  "dependencies": {
    "luxon": {
      "version": "1.19.3",
      "resolved": "https://registry.npmjs.org/luxon/-/luxon-1.19.3.tgz",
      "integrity": "sha512-YwTDjGRQC0QC9Iya2g2eKZfgEFqRId4ZoLHORQcfTMB/5xrTx427V7ZPjQJ1vzvhA2vJfG2bh1Kv8V8IFMWCUA=="
    }
  }
}
